
Microsoft Visual Studio Solution File, Format Version 12.00
# Visual Studio Version 17
VisualStudioVersion = 17.12.35514.174 d17.12
MinimumVisualStudioVersion = 10.0.40219.1
Project("{FAE04EC0-301F-11D3-BF4B-00C04F79EFBC}") = "Wpf-MVVM-calculator", "Wpf-MVVM-calculator\Wpf-MVVM-calculator.csproj", "{C1EEB49C-8FB0-4527-B2B6-A4B4502ADEFC}"
EndProject
Global
	GlobalSection(SolutionConfigurationPlatforms) = preSolution
		Debug|Any CPU = Debug|Any CPU
		Release|Any CPU = Release|Any CPU
	EndGlobalSection
	GlobalSection(ProjectConfigurationPlatforms) = postSolution
		{C1EEB49C-8FB0-4527-B2B6-A4B4502ADEFC}.Debug|Any CPU.ActiveCfg = Debug|Any CPU
		{C1EEB49C-8FB0-4527-B2B6-A4B4502ADEFC}.Debug|Any CPU.Build.0 = Debug|Any CPU
		{C1EEB49C-8FB0-4527-B2B6-A4B4502ADEFC}.Release|Any CPU.ActiveCfg = Release|Any CPU
		{C1EEB49C-8FB0-4527-B2B6-A4B4502ADEFC}.Release|Any CPU.Build.0 = Release|Any CPU
	EndGlobalSection
	GlobalSection(SolutionProperties) = preSolution
		HideSolutionNode = FALSE
	EndGlobalSection
EndGlobal
