
Microsoft Visual Studio Solution File, Format Version 12.00
# Visual Studio Version 17
VisualStudioVersion = 17.11.35327.3
MinimumVisualStudioVersion = 10.0.40219.1
Project("{9A19103F-16F7-4668-BE54-9A1E7A4F7556}") = "Wpf-Rounte-event-mechanism", "Wpf-Rounte-event-mechanism\Wpf-Rounte-event-mechanism.csproj", "{58B27670-D801-4A0D-9776-92EB2D7D02C7}"
EndProject
Project("{9A19103F-16F7-4668-BE54-9A1E7A4F7556}") = "Wpf-Rounte-event-CustomEvent", "Wpf-Rounte-event-CustomEvent\Wpf-Rounte-event-CustomEvent.csproj", "{F5E5A6B1-F42B-4843-A2DF-38E2CAD546C2}"
EndProject
Global
	GlobalSection(SolutionConfigurationPlatforms) = preSolution
		Debug|Any CPU = Debug|Any CPU
		Release|Any CPU = Release|Any CPU
	EndGlobalSection
	GlobalSection(ProjectConfigurationPlatforms) = postSolution
		{58B27670-D801-4A0D-9776-92EB2D7D02C7}.Debug|Any CPU.ActiveCfg = Debug|Any CPU
		{58B27670-D801-4A0D-9776-92EB2D7D02C7}.Debug|Any CPU.Build.0 = Debug|Any CPU
		{58B27670-D801-4A0D-9776-92EB2D7D02C7}.Release|Any CPU.ActiveCfg = Release|Any CPU
		{58B27670-D801-4A0D-9776-92EB2D7D02C7}.Release|Any CPU.Build.0 = Release|Any CPU
		{F5E5A6B1-F42B-4843-A2DF-38E2CAD546C2}.Debug|Any CPU.ActiveCfg = Debug|Any CPU
		{F5E5A6B1-F42B-4843-A2DF-38E2CAD546C2}.Debug|Any CPU.Build.0 = Debug|Any CPU
		{F5E5A6B1-F42B-4843-A2DF-38E2CAD546C2}.Release|Any CPU.ActiveCfg = Release|Any CPU
		{F5E5A6B1-F42B-4843-A2DF-38E2CAD546C2}.Release|Any CPU.Build.0 = Release|Any CPU
	EndGlobalSection
	GlobalSection(SolutionProperties) = preSolution
		HideSolutionNode = FALSE
	EndGlobalSection
	GlobalSection(ExtensibilityGlobals) = postSolution
		SolutionGuid = {F946B016-AFE1-46BA-BF5A-E919C47921C2}
	EndGlobalSection
EndGlobal
